Microsoft Visual Studio Solution File, Format Version 12.00
# Visual Studio Version 17
VisualStudioVersion = 17.5.2.0
MinimumVisualStudioVersion = 10.0.40219.1
Project("{FAE04EC0-301F-11D3-BF4B-00C04F79EFBC}") = "RemoteBrowser", "RemoteBrowser.csproj", "{99C22E22-B8D8-0D8A-4607-65B34A877F4B}"
EndProject
Global
	GlobalSection(SolutionConfigurationPlatforms) = preSolution
		Debug|Any CPU = Debug|Any CPU
		Release|Any CPU = Release|Any CPU
	EndGlobalSection
	GlobalSection(ProjectConfigurationPlatforms) = postSolution
		{99C22E22-B8D8-0D8A-4607-65B34A877F4B}.Debug|Any CPU.ActiveCfg = Debug|Any CPU
		{99C22E22-B8D8-0D8A-4607-65B34A877F4B}.Debug|Any CPU.Build.0 = Debug|Any CPU
		{99C22E22-B8D8-0D8A-4607-65B34A877F4B}.Release|Any CPU.ActiveCfg = Release|Any CPU
		{99C22E22-B8D8-0D8A-4607-65B34A877F4B}.Release|Any CPU.Build.0 = Release|Any CPU
	EndGlobalSection
	GlobalSection(SolutionProperties) = preSolution
		HideSolutionNode = FALSE
	EndGlobalSection
	GlobalSection(ExtensibilityGlobals) = postSolution
		SolutionGuid = {FAC10B63-A426-41E5-B4FE-528F19A8978A}
	EndGlobalSection
EndGlobal
